
Microsoft Visual Studio Solution File, Format Version 12.00
# Visual Studio Version 17
VisualStudioVersion = 17.5.33502.453
MinimumVisualStudioVersion = 10.0.40219.1
Project("{FAE04EC0-301F-11D3-BF4B-00C04F79EFBC}") = "MobileRecharge", "MobileRecharge.csproj", "{EF49BD91-AF5B-4E4D-B056-D74C322D45BA}"
EndProject
Global
	GlobalSection(SolutionConfigurationPlatforms) = preSolution
		Debug|Any CPU = Debug|Any CPU
		Release|Any CPU = Release|Any CPU
	EndGlobalSection
	GlobalSection(ProjectConfigurationPlatforms) = postSolution
		{EF49BD91-AF5B-4E4D-B056-D74C322D45BA}.Debug|Any CPU.ActiveCfg = Debug|Any CPU
		{EF49BD91-AF5B-4E4D-B056-D74C322D45BA}.Debug|Any CPU.Build.0 = Debug|Any CPU
		{EF49BD91-AF5B-4E4D-B056-D74C322D45BA}.Release|Any CPU.ActiveCfg = Release|Any CPU
		{EF49BD91-AF5B-4E4D-B056-D74C322D45BA}.Release|Any CPU.Build.0 = Release|Any CPU
	EndGlobalSection
	GlobalSection(SolutionProperties) = preSolution
		HideSolutionNode = FALSE
	EndGlobalSection
	GlobalSection(ExtensibilityGlobals) = postSolution
		SolutionGuid = {A0E19EF1-0F82-4773-9B73-F2349C2152E2}
	EndGlobalSection
EndGlobal
